{
  "nodes": {
    "home-manager": {
      "inputs": {
        "nixpkgs": [
          "nixpkgs"
        ]
      },
      "locked": {
        "lastModified": 1785306346,
        "narHash": "sha256-DScBkW0fOgpGPK2trNoX3ryLTlaC14+gglFo/BhGJ4g=",
        "owner": "nix-community",
        "repo": "home-manager",
        "rev": "e705714e918c3b11affcdd15db2cbe3a070420a0",
        "type": "github"
      },
      "original": {
        "owner": "nix-community",
        "repo": "home-manager",
        "rev": "e705714e918c3b11affcdd15db2cbe3a070420a0",
        "type": "github"
      }
    },
    "nixpkgs": {
      "locked": {
        "lastModified": 1785407698,
        "narHash": "sha256-H0+PcXkVu0dvL78VfKA95nG2iHF7Dsf4g0PrAubP7lg=",
        "owner": "NixOS",
        "repo": "nixpkgs",
        "rev": "2d08bd385b3965ae3efaf7af04710e24ded97c7a",
        "type": "github"
      },
      "original": {
        "owner": "NixOS",
        "repo": "nixpkgs",
        "rev": "2d08bd385b3965ae3efaf7af04710e24ded97c7a",
        "type": "github"
      }
    },
    "root": {
      "inputs": {
        "home-manager": "home-manager",
        "nixpkgs": "nixpkgs"
      }
    }
  },
  "root": "root",
  "version": 7
}
